{
  "originHash" : "976d3d9ef56c37053766c15afb96a9684823178a15f2459ca16158bbdf418aee",
  "pins" : [
    {
      "identity" : "arkit-corelocation",
      "kind" : "remoteSourceControl",
      "location" : "https://github.com/AndrewHartAR/ARKit-CoreLocation",
      "state" : {
        "revision" : "42abf4f47b191b153d4bfe4509f15617aadd837d",
        "version" : "1.3.0"
      }
    }
  ],
  "version" : 3
}
