// !$*UTF8*$!
{
	archiveVersion = 1;
	classes = {
	};
	objectVersion = 56;
	objects = {

/* Begin PBXBuildFile section */
		491DF7692C5B898F000BB1AA /* Google-Pixel-XL-Black-Back.png in Resources */ = {isa = PBXBuildFile; fileRef = 491DF7632C5B898F000BB1AA /* Google-Pixel-XL-Black-Back.png */; };
		491DF76A2C5B898F000BB1AA /* Phone_01.mtl in Resources */ = {isa = PBXBuildFile; fileRef = 491DF7642C5B898F000BB1AA /* Phone_01.mtl */; };
		491DF76B2C5B898F000BB1AA /* Phone_01.scn in Resources */ = {isa = PBXBuildFile; fileRef = 491DF7652C5B898F000BB1AA /* Phone_01.scn */; };
		491DF76C2C5B898F000BB1AA /* pixel-screenshot.png in Resources */ = {isa = PBXBuildFile; fileRef = 491DF7662C5B898F000BB1AA /* pixel-screenshot.png */; };
		491DF76D2C5B898F000BB1AA /* texture.jpg in Resources */ = {isa = PBXBuildFile; fileRef = 491DF7672C5B898F000BB1AA /* texture.jpg */; };
		491DF7712C5B8A4A000BB1AA /* ImageDetectionWithModelViewController.xib in Resources */ = {isa = PBXBuildFile; fileRef = 491DF7702C5B8A4A000BB1AA /* ImageDetectionWithModelViewController.xib */; };
		491DF7722C5B8A4A000BB1AA /* ImageDetectionWithModelViewController.swift in Sources */ = {isa = PBXBuildFile; fileRef = 491DF76F2C5B8A4A000BB1AA /* ImageDetectionWithModelViewController.swift */; };
		491DF7842C5B945C000BB1AA /* snake.mtl in Resources */ = {isa = PBXBuildFile; fileRef = 491DF7812C5B945C000BB1AA /* snake.mtl */; };
		491DF7852C5B945C000BB1AA /* snake.obj in Resources */ = {isa = PBXBuildFile; fileRef = 491DF7822C5B945C000BB1AA /* snake.obj */; };
		491DF7892C5B94B5000BB1AA /* snake.scnassets in Resources */ = {isa = PBXBuildFile; fileRef = 491DF7882C5B94B5000BB1AA /* snake.scnassets */; };
		49345A072C2D56BF00DD3553 /* OcclusionPlane.swift in Sources */ = {isa = PBXBuildFile; fileRef = 49345A062C2D56BF00DD3553 /* OcclusionPlane.swift */; };
		4935FBDE2C65FDD3005991BB /* Detect3DObjectViewController.xib in Resources */ = {isa = PBXBuildFile; fileRef = 4935FBDD2C65FDD3005991BB /* Detect3DObjectViewController.xib */; };
		4935FBDF2C65FDD3005991BB /* Detect3DObjectViewController.swift in Sources */ = {isa = PBXBuildFile; fileRef = 4935FBDC2C65FDD3005991BB /* Detect3DObjectViewController.swift */; };
		49536BA52BFC80FE0083CD04 /* OverlayingPlanesViewController.swift in Sources */ = {isa = PBXBuildFile; fileRef = 49536BA32BFC80FE0083CD04 /* OverlayingPlanesViewController.swift */; };
		49536BA62BFC80FE0083CD04 /* OverlayingPlanesViewController.xib in Resources */ = {isa = PBXBuildFile; fileRef = 49536BA42BFC80FE0083CD04 /* OverlayingPlanesViewController.xib */; };
		49536BA82BFC88120083CD04 /* OverlayPlane.swift in Sources */ = {isa = PBXBuildFile; fileRef = 49536BA72BFC88120083CD04 /* OverlayPlane.swift */; };
		49536BAA2BFC8A840083CD04 /* overlay_grid.png in Resources */ = {isa = PBXBuildFile; fileRef = 49536BA92BFC8A840083CD04 /* overlay_grid.png */; };
		49536BAE2BFC98CF0083CD04 /* PlacingVirtualObjectsViewController.swift in Sources */ = {isa = PBXBuildFile; fileRef = 49536BAC2BFC98CF0083CD04 /* PlacingVirtualObjectsViewController.swift */; };
		49536BAF2BFC98CF0083CD04 /* PlacingVirtualObjectsViewController.xib in Resources */ = {isa = PBXBuildFile; fileRef = 49536BAD2BFC98CF0083CD04 /* PlacingVirtualObjectsViewController.xib */; };
		49536BB22BFCA6840083CD04 /* BodyType.swift in Sources */ = {isa = PBXBuildFile; fileRef = 49536BB12BFCA6840083CD04 /* BodyType.swift */; };
		49536BB62BFCB9BC0083CD04 /* LoadingModelsViewController.swift in Sources */ = {isa = PBXBuildFile; fileRef = 49536BB42BFCB9BC0083CD04 /* LoadingModelsViewController.swift */; };
		49536BB72BFCB9BC0083CD04 /* LoadingModelsViewController.xib in Resources */ = {isa = PBXBuildFile; fileRef = 49536BB52BFCB9BC0083CD04 /* LoadingModelsViewController.xib */; };
		49536BBD2BFCBC1A0083CD04 /* tischholz.jpg in Resources */ = {isa = PBXBuildFile; fileRef = 49536BB92BFCBC1A0083CD04 /* tischholz.jpg */; };
		49536BBE2BFCBC1A0083CD04 /* _6.jpg in Resources */ = {isa = PBXBuildFile; fileRef = 49536BBA2BFCBC1A0083CD04 /* _6.jpg */; };
		49536BBF2BFCBC1A0083CD04 /* tischholz2.jpg in Resources */ = {isa = PBXBuildFile; fileRef = 49536BBB2BFCBC1A0083CD04 /* tischholz2.jpg */; };
		49536BC02BFCBC1A0083CD04 /* bench.dae in Resources */ = {isa = PBXBuildFile; fileRef = 49536BBC2BFCBC1A0083CD04 /* bench.dae */; };
		49536BC42BFCE3DC0083CD04 /* MissileLaunchViewController.swift in Sources */ = {isa = PBXBuildFile; fileRef = 49536BC22BFCE3DC0083CD04 /* MissileLaunchViewController.swift */; };
		49536BC52BFCE3DC0083CD04 /* MissileLaunchViewController.xib in Resources */ = {isa = PBXBuildFile; fileRef = 49536BC32BFCE3DC0083CD04 /* MissileLaunchViewController.xib */; };
		49536BCE2BFCE4C90083CD04 /* missle-texture.png in Resources */ = {isa = PBXBuildFile; fileRef = 49536BC72BFCE4C80083CD04 /* missle-texture.png */; };
		49536BCF2BFCE4C90083CD04 /* fire.scnp in Resources */ = {isa = PBXBuildFile; fileRef = 49536BC82BFCE4C90083CD04 /* fire.scnp */; };
		49536BD02BFCE4C90083CD04 /* smoke.png in Resources */ = {isa = PBXBuildFile; fileRef = 49536BC92BFCE4C90083CD04 /* smoke.png */; };
		49536BD12BFCE4C90083CD04 /* spark.png in Resources */ = {isa = PBXBuildFile; fileRef = 49536BCA2BFCE4C90083CD04 /* spark.png */; };
		49536BD22BFCE4C90083CD04 /* missile.scn in Resources */ = {isa = PBXBuildFile; fileRef = 49536BCB2BFCE4C90083CD04 /* missile.scn */; };
		49536BD42BFCE4C90083CD04 /* smoke.scnp in Resources */ = {isa = PBXBuildFile; fileRef = 49536BCD2BFCE4C90083CD04 /* smoke.scnp */; };
		49536BD62BFCE5290083CD04 /* Missile.swift in Sources */ = {isa = PBXBuildFile; fileRef = 49536BD52BFCE5290083CD04 /* Missile.swift */; };
		4958E3F92BED072E007F1757 /* AppDelegate.swift in Sources */ = {isa = PBXBuildFile; fileRef = 4958E3F82BED072E007F1757 /* AppDelegate.swift */; };
		4958E3FB2BED072E007F1757 /* SceneDelegate.swift in Sources */ = {isa = PBXBuildFile; fileRef = 4958E3FA2BED072E007F1757 /* SceneDelegate.swift */; };
		4958E4022BED072F007F1757 /* Assets.xcassets in Resources */ = {isa = PBXBuildFile; fileRef = 4958E4012BED072F007F1757 /* Assets.xcassets */; };
		4958E4052BED072F007F1757 /* Base in Resources */ = {isa = PBXBuildFile; fileRef = 4958E4042BED072F007F1757 /* Base */; };
		4958E4142BED0771007F1757 /* art.scnassets in Resources */ = {isa = PBXBuildFile; fileRef = 4958E40C2BED0771007F1757 /* art.scnassets */; };
		4958E4152BED0771007F1757 /* HelloWorldViewController.swift in Sources */ = {isa = PBXBuildFile; fileRef = 4958E40D2BED0771007F1757 /* HelloWorldViewController.swift */; };
		4958E4162BED0771007F1757 /* HelloWorldViewController.xib in Resources */ = {isa = PBXBuildFile; fileRef = 4958E40E2BED0771007F1757 /* HelloWorldViewController.xib */; };
		4958E4172BED0771007F1757 /* MainViewController.swift in Sources */ = {isa = PBXBuildFile; fileRef = 4958E4102BED0771007F1757 /* MainViewController.swift */; };
		4958E4182BED0771007F1757 /* MainViewController.xib in Resources */ = {isa = PBXBuildFile; fileRef = 4958E4112BED0771007F1757 /* MainViewController.xib */; };
		49621CF02C4A9A0F00BE4506 /* chair.dae in Resources */ = {isa = PBXBuildFile; fileRef = 49621CEC2C4A9A0F00BE4506 /* chair.dae */; };
		49621CF12C4A9A0F00BE4506 /* Neil Woo03.jpg in Resources */ = {isa = PBXBuildFile; fileRef = 49621CED2C4A9A0F00BE4506 /* Neil Woo03.jpg */; };
		49621CF22C4A9A0F00BE4506 /* NeilFabricPlain008.jpg in Resources */ = {isa = PBXBuildFile; fileRef = 49621CEE2C4A9A0F00BE4506 /* NeilFabricPlain008.jpg */; };
		496403D42C2B1C9100DAA410 /* ColladaSceneViewController.xib in Resources */ = {isa = PBXBuildFile; fileRef = 496403D32C2B1C9100DAA410 /* ColladaSceneViewController.xib */; };
		496403D52C2B1C9100DAA410 /* ColladaSceneViewController.swift in Sources */ = {isa = PBXBuildFile; fileRef = 496403D22C2B1C9100DAA410 /* ColladaSceneViewController.swift */; };
		496403D72C2B1D1C00DAA410 /* farm.dae in Resources */ = {isa = PBXBuildFile; fileRef = 496403D62C2B1D1C00DAA410 /* farm.dae */; };
		496403DB2C2BEF7B00DAA410 /* LightsSceneViewController.xib in Resources */ = {isa = PBXBuildFile; fileRef = 496403DA2C2BEF7B00DAA410 /* LightsSceneViewController.xib */; };
		496403DC2C2BEF7B00DAA410 /* LightsSceneViewController.swift in Sources */ = {isa = PBXBuildFile; fileRef = 496403D92C2BEF7B00DAA410 /* LightsSceneViewController.swift */; };
		496403DE2C2C02CC00DAA410 /* car.dae in Resources */ = {isa = PBXBuildFile; fileRef = 496403DD2C2C02CC00DAA410 /* car.dae */; };
		496403E22C2C032E00DAA410 /* RemoteCarViewController.xib in Resources */ = {isa = PBXBuildFile; fileRef = 496403E12C2C032E00DAA410 /* RemoteCarViewController.xib */; };
		496403E32C2C032E00DAA410 /* RemoteCarViewController.swift in Sources */ = {isa = PBXBuildFile; fileRef = 496403E02C2C032E00DAA410 /* RemoteCarViewController.swift */; };
		496403E52C2C0BAA00DAA410 /* GameButton.swift in Sources */ = {isa = PBXBuildFile; fileRef = 496403E42C2C0BAA00DAA410 /* GameButton.swift */; };
		496403E72C2C0F2000DAA410 /* Car.swift in Sources */ = {isa = PBXBuildFile; fileRef = 496403E62C2C0F2000DAA410 /* Car.swift */; };
		496403EB2C2C247800DAA410 /* CoreMLSceneViewController.xib in Resources */ = {isa = PBXBuildFile; fileRef = 496403EA2C2C247800DAA410 /* CoreMLSceneViewController.xib */; };
		496403EC2C2C247800DAA410 /* CoreMLSceneViewController.swift in Sources */ = {isa = PBXBuildFile; fileRef = 496403E92C2C247800DAA410 /* CoreMLSceneViewController.swift */; };
		496403F02C2C28BF00DAA410 /* Resnet50.mlmodel in Sources */ = {isa = PBXBuildFile; fileRef = 496403EF2C2C28BF00DAA410 /* Resnet50.mlmodel */; };
		496403F42C2C788B00DAA410 /* OcclusionSceneViewController.xib in Resources */ = {isa = PBXBuildFile; fileRef = 496403F32C2C788B00DAA410 /* OcclusionSceneViewController.xib */; };
		496403F52C2C788B00DAA410 /* OcclusionSceneViewController.swift in Sources */ = {isa = PBXBuildFile; fileRef = 496403F22C2C788B00DAA410 /* OcclusionSceneViewController.swift */; };
		496403F72C2D40B200DAA410 /* fish.dae in Resources */ = {isa = PBXBuildFile; fileRef = 496403F62C2D40B200DAA410 /* fish.dae */; };
		497366622C493E450061C35E /* PortalPlane.swift in Sources */ = {isa = PBXBuildFile; fileRef = 497366612C493E450061C35E /* PortalPlane.swift */; };
		497366692C4941EC0061C35E /* iron_bed.mtl in Resources */ = {isa = PBXBuildFile; fileRef = 497366672C4941EC0061C35E /* iron_bed.mtl */; };
		4973666A2C4941EC0061C35E /* iron_bed.obj in Resources */ = {isa = PBXBuildFile; fileRef = 497366682C4941EC0061C35E /* iron_bed.obj */; };
		4973666E2C49461D0061C35E /* ARVideoViewController.swift in Sources */ = {isa = PBXBuildFile; fileRef = 4973666C2C49461D0061C35E /* ARVideoViewController.swift */; };
		4973666F2C49461D0061C35E /* ARVideoViewController.xib in Resources */ = {isa = PBXBuildFile; fileRef = 4973666D2C49461D0061C35E /* ARVideoViewController.xib */; };
		497366712C4946840061C35E /* big_buck_bunny.mp4 in Resources */ = {isa = PBXBuildFile; fileRef = 497366702C4946840061C35E /* big_buck_bunny.mp4 */; };
		497366752C4951D30061C35E /* ImageDetectionViewController.swift in Sources */ = {isa = PBXBuildFile; fileRef = 497366732C4951D30061C35E /* ImageDetectionViewController.swift */; };
		497366762C4951D30061C35E /* ImageDetectionViewController.xib in Resources */ = {isa = PBXBuildFile; fileRef = 497366742C4951D30061C35E /* ImageDetectionViewController.xib */; };
		4974035F2C81F5220025C5F5 /* RealisticModelViewController.swift in Sources */ = {isa = PBXBuildFile; fileRef = 4974035D2C81F5220025C5F5 /* RealisticModelViewController.swift */; };
		497403602C81F5220025C5F5 /* RealisticModelViewController.xib in Resources */ = {isa = PBXBuildFile; fileRef = 4974035E2C81F5220025C5F5 /* RealisticModelViewController.xib */; };
		49786B042C49677D00DBDEA9 /* ModelGesturesViewController.swift in Sources */ = {isa = PBXBuildFile; fileRef = 49786B022C49677D00DBDEA9 /* ModelGesturesViewController.swift */; };
		49786B052C49677D00DBDEA9 /* ModelGesturesViewController.xib in Resources */ = {isa = PBXBuildFile; fileRef = 49786B032C49677D00DBDEA9 /* ModelGesturesViewController.xib */; };
		4998988E2C3DAD7300D7612E /* PortalSceneViewController.swift in Sources */ = {isa = PBXBuildFile; fileRef = 4998988C2C3DAD7300D7612E /* PortalSceneViewController.swift */; };
		4998988F2C3DAD7300D7612E /* PortalSceneViewController.xib in Resources */ = {isa = PBXBuildFile; fileRef = 4998988D2C3DAD7300D7612E /* PortalSceneViewController.xib */; };
		499898912C3DAEC000D7612E /* portal.scnassets in Resources */ = {isa = PBXBuildFile; fileRef = 499898902C3DAEC000D7612E /* portal.scnassets */; };
		499A3A692C5A4CD000B77050 /* Scene.swift in Sources */ = {isa = PBXBuildFile; fileRef = 499A3A682C5A4CD000B77050 /* Scene.swift */; };
		49ADDE712C8B0FE700333CCE /* ARWatchViewController.swift in Sources */ = {isa = PBXBuildFile; fileRef = 49ADDE6F2C8B0FE700333CCE /* ARWatchViewController.swift */; };
		49ADDE722C8B0FE700333CCE /* ARWatchViewController.xib in Resources */ = {isa = PBXBuildFile; fileRef = 49ADDE702C8B0FE700333CCE /* ARWatchViewController.xib */; };
		49ADDE832C8B16DF00333CCE /* chasiki.tga.png in Resources */ = {isa = PBXBuildFile; fileRef = 49ADDE742C8B16DE00333CCE /* chasiki.tga.png */; };
		49ADDE842C8B16DF00333CCE /* 11.tga.png in Resources */ = {isa = PBXBuildFile; fileRef = 49ADDE752C8B16DE00333CCE /* 11.tga.png */; };
		49ADDE852C8B16DF00333CCE /* cifri.tga.png in Resources */ = {isa = PBXBuildFile; fileRef = 49ADDE762C8B16DE00333CCE /* cifri.tga.png */; };
		49ADDE862C8B16DF00333CCE /* 15.tga.png in Resources */ = {isa = PBXBuildFile; fileRef = 49ADDE772C8B16DE00333CCE /* 15.tga.png */; };
		49ADDE872C8B16DF00333CCE /* 10.tga.png in Resources */ = {isa = PBXBuildFile; fileRef = 49ADDE782C8B16DE00333CCE /* 10.tga.png */; };
		49ADDE882C8B16DF00333CCE /* watch-model.dae in Resources */ = {isa = PBXBuildFile; fileRef = 49ADDE792C8B16DE00333CCE /* watch-model.dae */; };
		49ADDE892C8B16DF00333CCE /* chasiki2.tga.png in Resources */ = {isa = PBXBuildFile; fileRef = 49ADDE7A2C8B16DF00333CCE /* chasiki2.tga.png */; };
		49ADDE8A2C8B16DF00333CCE /* 12.tga.png in Resources */ = {isa = PBXBuildFile; fileRef = 49ADDE7B2C8B16DF00333CCE /* 12.tga.png */; };
		49ADDE8B2C8B16DF00333CCE /* 14.tga.png in Resources */ = {isa = PBXBuildFile; fileRef = 49ADDE7C2C8B16DF00333CCE /* 14.tga.png */; };
		49ADDE8C2C8B16DF00333CCE /* chasiki4.tga.png in Resources */ = {isa = PBXBuildFile; fileRef = 49ADDE7D2C8B16DF00333CCE /* chasiki4.tga.png */; };
		49ADDE8D2C8B16DF00333CCE /* 6.tga.png in Resources */ = {isa = PBXBuildFile; fileRef = 49ADDE7E2C8B16DF00333CCE /* 6.tga.png */; };
		49ADDE8E2C8B16DF00333CCE /* remeshok.tga.png in Resources */ = {isa = PBXBuildFile; fileRef = 49ADDE7F2C8B16DF00333CCE /* remeshok.tga.png */; };
		49ADDE8F2C8B16DF00333CCE /* 5.tga.png in Resources */ = {isa = PBXBuildFile; fileRef = 49ADDE802C8B16DF00333CCE /* 5.tga.png */; };
		49ADDE902C8B16DF00333CCE /* chasiki3.tga.png in Resources */ = {isa = PBXBuildFile; fileRef = 49ADDE812C8B16DF00333CCE /* chasiki3.tga.png */; };
		49ADDE912C8B16DF00333CCE /* 9.tga.png in Resources */ = {isa = PBXBuildFile; fileRef = 49ADDE822C8B16DF00333CCE /* 9.tga.png */; };
		49ADDE932C8B1BF800333CCE /* ColorSwatch.swift in Sources */ = {isa = PBXBuildFile; fileRef = 49ADDE922C8B1BF800333CCE /* ColorSwatch.swift */; };
		49DA15EB2C3DB149008DAEB4 /* wallpaper.jpg in Resources */ = {isa = PBXBuildFile; fileRef = 49DA15E12C3DB148008DAEB4 /* wallpaper.jpg */; };
		49DA15EC2C3DB149008DAEB4 /* WallPainting_01.mtl in Resources */ = {isa = PBXBuildFile; fileRef = 49DA15E22C3DB148008DAEB4 /* WallPainting_01.mtl */; };
		49DA15ED2C3DB149008DAEB4 /* tiles-wall.jpg in Resources */ = {isa = PBXBuildFile; fileRef = 49DA15E32C3DB148008DAEB4 /* tiles-wall.jpg */; };
		49DA15F02C3DB149008DAEB4 /* WallPainting_01.obj in Resources */ = {isa = PBXBuildFile; fileRef = 49DA15E62C3DB148008DAEB4 /* WallPainting_01.obj */; };
		49DA15F12C3DB149008DAEB4 /* wood-floor.jpg in Resources */ = {isa = PBXBuildFile; fileRef = 49DA15E72C3DB148008DAEB4 /* wood-floor.jpg */; };
		49DA160D2C3DB6AF008DAEB4 /* chair.usdz in Resources */ = {isa = PBXBuildFile; fileRef = 49DA160C2C3DB6AF008DAEB4 /* chair.usdz */; };
/* End PBXBuildFile section */

/* Begin PBXFileReference section */
		491DF7632C5B898F000BB1AA /* Google-Pixel-XL-Black-Back.png */ = {isa = PBXFileReference; lastKnownFileType = image.png; path = "Google-Pixel-XL-Black-Back.png"; sourceTree = "<group>"; };
		491DF7642C5B898F000BB1AA /* Phone_01.mtl */ = {isa = PBXFileReference; fileEncoding = 4; lastKnownFileType = text; path = Phone_01.mtl; sourceTree = "<group>"; };
		491DF7652C5B898F000BB1AA /* Phone_01.scn */ = {isa = PBXFileReference; lastKnownFileType = file.bplist; path = Phone_01.scn; sourceTree = "<group>"; };
		491DF7662C5B898F000BB1AA /* pixel-screenshot.png */ = {isa = PBXFileReference; lastKnownFileType = image.png; path = "pixel-screenshot.png"; sourceTree = "<group>"; };
		491DF7672C5B898F000BB1AA /* texture.jpg */ = {isa = PBXFileReference; lastKnownFileType = image.jpeg; path = texture.jpg; sourceTree = "<group>"; };
		491DF76F2C5B8A4A000BB1AA /* ImageDetectionWithModelViewController.swift */ = {isa = PBXFileReference; lastKnownFileType = sourcecode.swift; path = ImageDetectionWithModelViewController.swift; sourceTree = "<group>"; };
		491DF7702C5B8A4A000BB1AA /* ImageDetectionWithModelViewController.xib */ = {isa = PBXFileReference; lastKnownFileType = file.xib; path = ImageDetectionWithModelViewController.xib; sourceTree = "<group>"; };
		491DF7812C5B945C000BB1AA /* snake.mtl */ = {isa = PBXFileReference; fileEncoding = 4; lastKnownFileType = text; path = snake.mtl; sourceTree = "<group>"; };
		491DF7822C5B945C000BB1AA /* snake.obj */ = {isa = PBXFileReference; fileEncoding = 4; lastKnownFileType = text; path = snake.obj; sourceTree = "<group>"; };
		491DF7882C5B94B5000BB1AA /* snake.scnassets */ = {isa = PBXFileReference; lastKnownFileType = wrapper.scnassets; path = snake.scnassets; sourceTree = "<group>"; };
		49345A062C2D56BF00DD3553 /* OcclusionPlane.swift */ = {isa = PBXFileReference; lastKnownFileType = sourcecode.swift; path = OcclusionPlane.swift; sourceTree = "<group>"; };
		4935FBDC2C65FDD3005991BB /* Detect3DObjectViewController.swift */ = {isa = PBXFileReference; lastKnownFileType = sourcecode.swift; path = Detect3DObjectViewController.swift; sourceTree = "<group>"; };
		4935FBDD2C65FDD3005991BB /* Detect3DObjectViewController.xib */ = {isa = PBXFileReference; lastKnownFileType = file.xib; path = Detect3DObjectViewController.xib; sourceTree = "<group>"; };
		49536BA32BFC80FE0083CD04 /* OverlayingPlanesViewController.swift */ = {isa = PBXFileReference; lastKnownFileType = sourcecode.swift; path = OverlayingPlanesViewController.swift; sourceTree = "<group>"; };
		49536BA42BFC80FE0083CD04 /* OverlayingPlanesViewController.xib */ = {isa = PBXFileReference; lastKnownFileType = file.xib; path = OverlayingPlanesViewController.xib; sourceTree = "<group>"; };
		49536BA72BFC88120083CD04 /* OverlayPlane.swift */ = {isa = PBXFileReference; lastKnownFileType = sourcecode.swift; path = OverlayPlane.swift; sourceTree = "<group>"; };
		49536BA92BFC8A840083CD04 /* overlay_grid.png */ = {isa = PBXFileReference; lastKnownFileType = image.png; path = overlay_grid.png; sourceTree = "<group>"; };
		49536BAC2BFC98CF0083CD04 /* PlacingVirtualObjectsViewController.swift */ = {isa = PBXFileReference; lastKnownFileType = sourcecode.swift; path = PlacingVirtualObjectsViewController.swift; sourceTree = "<group>"; };
		49536BAD2BFC98CF0083CD04 /* PlacingVirtualObjectsViewController.xib */ = {isa = PBXFileReference; lastKnownFileType = file.xib; path = PlacingVirtualObjectsViewController.xib; sourceTree = "<group>"; };
		49536BB12BFCA6840083CD04 /* BodyType.swift */ = {isa = PBXFileReference; lastKnownFileType = sourcecode.swift; path = BodyType.swift; sourceTree = "<group>"; };
		49536BB42BFCB9BC0083CD04 /* LoadingModelsViewController.swift */ = {isa = PBXFileReference; lastKnownFileType = sourcecode.swift; path = LoadingModelsViewController.swift; sourceTree = "<group>"; };
		49536BB52BFCB9BC0083CD04 /* LoadingModelsViewController.xib */ = {isa = PBXFileReference; lastKnownFileType = file.xib; path = LoadingModelsViewController.xib; sourceTree = "<group>"; };
		49536BB92BFCBC1A0083CD04 /* tischholz.jpg */ = {isa = PBXFileReference; lastKnownFileType = image.jpeg; path = tischholz.jpg; sourceTree = "<group>"; };
		49536BBA2BFCBC1A0083CD04 /* _6.jpg */ = {isa = PBXFileReference; lastKnownFileType = image.jpeg; path = _6.jpg; sourceTree = "<group>"; };
		49536BBB2BFCBC1A0083CD04 /* tischholz2.jpg */ = {isa = PBXFileReference; lastKnownFileType = image.jpeg; path = tischholz2.jpg; sourceTree = "<group>"; };
		49536BBC2BFCBC1A0083CD04 /* bench.dae */ = {isa = PBXFileReference; fileEncoding = 4; lastKnownFileType = text.xml.dae; path = bench.dae; sourceTree = "<group>"; };
		49536BC22BFCE3DC0083CD04 /* MissileLaunchViewController.swift */ = {isa = PBXFileReference; lastKnownFileType = sourcecode.swift; path = MissileLaunchViewController.swift; sourceTree = "<group>"; };
		49536BC32BFCE3DC0083CD04 /* MissileLaunchViewController.xib */ = {isa = PBXFileReference; lastKnownFileType = file.xib; path = MissileLaunchViewController.xib; sourceTree = "<group>"; };
		49536BC72BFCE4C80083CD04 /* missle-texture.png */ = {isa = PBXFileReference; lastKnownFileType = image.png; path = "missle-texture.png"; sourceTree = "<group>"; };
		49536BC82BFCE4C90083CD04 /* fire.scnp */ = {isa = PBXFileReference; lastKnownFileType = file.scp; path = fire.scnp; sourceTree = "<group>"; };
		49536BC92BFCE4C90083CD04 /* smoke.png */ = {isa = PBXFileReference; lastKnownFileType = image.png; path = smoke.png; sourceTree = "<group>"; };
		49536BCA2BFCE4C90083CD04 /* spark.png */ = {isa = PBXFileReference; lastKnownFileType = image.png; path = spark.png; sourceTree = "<group>"; };
		49536BCB2BFCE4C90083CD04 /* missile.scn */ = {isa = PBXFileReference; lastKnownFileType = file.bplist; path = missile.scn; sourceTree = "<group>"; };
		49536BCD2BFCE4C90083CD04 /* smoke.scnp */ = {isa = PBXFileReference; lastKnownFileType = file.scp; path = smoke.scnp; sourceTree = "<group>"; };
		49536BD52BFCE5290083CD04 /* Missile.swift */ = {isa = PBXFileReference; fileEncoding = 4; lastKnownFileType = sourcecode.swift; path = Missile.swift; sourceTree = "<group>"; };
		4958E3F52BED072E007F1757 /* ARKitThings.app */ = {isa = PBXFileReference; explicitFileType = wrapper.application; includeInIndex = 0; path = ARKitThings.app; sourceTree = BUILT_PRODUCTS_DIR; };
		4958E3F82BED072E007F1757 /* AppDelegate.swift */ = {isa = PBXFileReference; lastKnownFileType = sourcecode.swift; path = AppDelegate.swift; sourceTree = "<group>"; };
		4958E3FA2BED072E007F1757 /* SceneDelegate.swift */ = {isa = PBXFileReference; lastKnownFileType = sourcecode.swift; path = SceneDelegate.swift; sourceTree = "<group>"; };
		4958E4012BED072F007F1757 /* Assets.xcassets */ = {isa = PBXFileReference; lastKnownFileType = folder.assetcatalog; path = Assets.xcassets; sourceTree = "<group>"; };
		4958E4042BED072F007F1757 /* Base */ = {isa = PBXFileReference; lastKnownFileType = file.storyboard; name = Base; path = Base.lproj/LaunchScreen.storyboard; sourceTree = "<group>"; };
		4958E4062BED072F007F1757 /* Info.plist */ = {isa = PBXFileReference; lastKnownFileType = text.plist.xml; path = Info.plist; sourceTree = "<group>"; };
		4958E40C2BED0771007F1757 /* art.scnassets */ = {isa = PBXFileReference; lastKnownFileType = wrapper.scnassets; path = art.scnassets; sourceTree = "<group>"; };
		4958E40D2BED0771007F1757 /* HelloWorldViewController.swift */ = {isa = PBXFileReference; fileEncoding = 4; lastKnownFileType = sourcecode.swift; path = HelloWorldViewController.swift; sourceTree = "<group>"; };
		4958E40E2BED0771007F1757 /* HelloWorldViewController.xib */ = {isa = PBXFileReference; fileEncoding = 4; lastKnownFileType = file.xib; path = HelloWorldViewController.xib; sourceTree = "<group>"; };
		4958E4102BED0771007F1757 /* MainViewController.swift */ = {isa = PBXFileReference; fileEncoding = 4; lastKnownFileType = sourcecode.swift; path = MainViewController.swift; sourceTree = "<group>"; };
		4958E4112BED0771007F1757 /* MainViewController.xib */ = {isa = PBXFileReference; fileEncoding = 4; lastKnownFileType = file.xib; path = MainViewController.xib; sourceTree = "<group>"; };
		49621CEC2C4A9A0F00BE4506 /* chair.dae */ = {isa = PBXFileReference; fileEncoding = 4; lastKnownFileType = text.xml.dae; path = chair.dae; sourceTree = "<group>"; };
		49621CED2C4A9A0F00BE4506 /* Neil Woo03.jpg */ = {isa = PBXFileReference; lastKnownFileType = image.jpeg; path = "Neil Woo03.jpg"; sourceTree = "<group>"; };
		49621CEE2C4A9A0F00BE4506 /* NeilFabricPlain008.jpg */ = {isa = PBXFileReference; lastKnownFileType = image.jpeg; path = NeilFabricPlain008.jpg; sourceTree = "<group>"; };
		496403D22C2B1C9100DAA410 /* ColladaSceneViewController.swift */ = {isa = PBXFileReference; lastKnownFileType = sourcecode.swift; path = ColladaSceneViewController.swift; sourceTree = "<group>"; };
		496403D32C2B1C9100DAA410 /* ColladaSceneViewController.xib */ = {isa = PBXFileReference; lastKnownFileType = file.xib; path = ColladaSceneViewController.xib; sourceTree = "<group>"; };
		496403D62C2B1D1C00DAA410 /* farm.dae */ = {isa = PBXFileReference; fileEncoding = 4; lastKnownFileType = text.xml.dae; path = farm.dae; sourceTree = "<group>"; };
		496403D92C2BEF7B00DAA410 /* LightsSceneViewController.swift */ = {isa = PBXFileReference; lastKnownFileType = sourcecode.swift; path = LightsSceneViewController.swift; sourceTree = "<group>"; };
		496403DA2C2BEF7B00DAA410 /* LightsSceneViewController.xib */ = {isa = PBXFileReference; lastKnownFileType = file.xib; path = LightsSceneViewController.xib; sourceTree = "<group>"; };
		496403DD2C2C02CC00DAA410 /* car.dae */ = {isa = PBXFileReference; fileEncoding = 4; lastKnownFileType = text.xml.dae; path = car.dae; sourceTree = "<group>"; };
		496403E02C2C032E00DAA410 /* RemoteCarViewController.swift */ = {isa = PBXFileReference; lastKnownFileType = sourcecode.swift; path = RemoteCarViewController.swift; sourceTree = "<group>"; };
		496403E12C2C032E00DAA410 /* RemoteCarViewController.xib */ = {isa = PBXFileReference; lastKnownFileType = file.xib; path = RemoteCarViewController.xib; sourceTree = "<group>"; };
		496403E42C2C0BAA00DAA410 /* GameButton.swift */ = {isa = PBXFileReference; lastKnownFileType = sourcecode.swift; path = GameButton.swift; sourceTree = "<group>"; };
		496403E62C2C0F2000DAA410 /* Car.swift */ = {isa = PBXFileReference; lastKnownFileType = sourcecode.swift; path = Car.swift; sourceTree = "<group>"; };
		496403E92C2C247800DAA410 /* CoreMLSceneViewController.swift */ = {isa = PBXFileReference; lastKnownFileType = sourcecode.swift; path = CoreMLSceneViewController.swift; sourceTree = "<group>"; };
		496403EA2C2C247800DAA410 /* CoreMLSceneViewController.xib */ = {isa = PBXFileReference; lastKnownFileType = file.xib; path = CoreMLSceneViewController.xib; sourceTree = "<group>"; };
		496403EF2C2C28BF00DAA410 /* Resnet50.mlmodel */ = {isa = PBXFileReference; lastKnownFileType = file.mlmodel; path = Resnet50.mlmodel; sourceTree = "<group>"; };
		496403F22C2C788B00DAA410 /* OcclusionSceneViewController.swift */ = {isa = PBXFileReference; lastKnownFileType = sourcecode.swift; path = OcclusionSceneViewController.swift; sourceTree = "<group>"; };
		496403F32C2C788B00DAA410 /* OcclusionSceneViewController.xib */ = {isa = PBXFileReference; lastKnownFileType = file.xib; path = OcclusionSceneViewController.xib; sourceTree = "<group>"; };
		496403F62C2D40B200DAA410 /* fish.dae */ = {isa = PBXFileReference; fileEncoding = 4; lastKnownFileType = text.xml.dae; path = fish.dae; sourceTree = "<group>"; };
		497366612C493E450061C35E /* PortalPlane.swift */ = {isa = PBXFileReference; lastKnownFileType = sourcecode.swift; path = PortalPlane.swift; sourceTree = "<group>"; };
		497366672C4941EC0061C35E /* iron_bed.mtl */ = {isa = PBXFileReference; fileEncoding = 4; lastKnownFileType = text; path = iron_bed.mtl; sourceTree = "<group>"; };
		497366682C4941EC0061C35E /* iron_bed.obj */ = {isa = PBXFileReference; fileEncoding = 4; lastKnownFileType = text; path = iron_bed.obj; sourceTree = "<group>"; };
		4973666C2C49461D0061C35E /* ARVideoViewController.swift */ = {isa = PBXFileReference; lastKnownFileType = sourcecode.swift; path = ARVideoViewController.swift; sourceTree = "<group>"; };
		4973666D2C49461D0061C35E /* ARVideoViewController.xib */ = {isa = PBXFileReference; lastKnownFileType = file.xib; path = ARVideoViewController.xib; sourceTree = "<group>"; };
		497366702C4946840061C35E /* big_buck_bunny.mp4 */ = {isa = PBXFileReference; lastKnownFileType = file; path = big_buck_bunny.mp4; sourceTree = "<group>"; };
		497366732C4951D30061C35E /* ImageDetectionViewController.swift */ = {isa = PBXFileReference; lastKnownFileType = sourcecode.swift; path = ImageDetectionViewController.swift; sourceTree = "<group>"; };
		497366742C4951D30061C35E /* ImageDetectionViewController.xib */ = {isa = PBXFileReference; lastKnownFileType = file.xib; path = ImageDetectionViewController.xib; sourceTree = "<group>"; };
		4974035D2C81F5220025C5F5 /* RealisticModelViewController.swift */ = {isa = PBXFileReference; lastKnownFileType = sourcecode.swift; path = RealisticModelViewController.swift; sourceTree = "<group>"; };
		4974035E2C81F5220025C5F5 /* RealisticModelViewController.xib */ = {isa = PBXFileReference; lastKnownFileType = file.xib; path = RealisticModelViewController.xib; sourceTree = "<group>"; };
		49786B022C49677D00DBDEA9 /* ModelGesturesViewController.swift */ = {isa = PBXFileReference; lastKnownFileType = sourcecode.swift; path = ModelGesturesViewController.swift; sourceTree = "<group>"; };
		49786B032C49677D00DBDEA9 /* ModelGesturesViewController.xib */ = {isa = PBXFileReference; lastKnownFileType = file.xib; path = ModelGesturesViewController.xib; sourceTree = "<group>"; };
		4998988C2C3DAD7300D7612E /* PortalSceneViewController.swift */ = {isa = PBXFileReference; lastKnownFileType = sourcecode.swift; path = PortalSceneViewController.swift; sourceTree = "<group>"; };
		4998988D2C3DAD7300D7612E /* PortalSceneViewController.xib */ = {isa = PBXFileReference; lastKnownFileType = file.xib; path = PortalSceneViewController.xib; sourceTree = "<group>"; };
		499898902C3DAEC000D7612E /* portal.scnassets */ = {isa = PBXFileReference; lastKnownFileType = wrapper.scnassets; path = portal.scnassets; sourceTree = "<group>"; };
		499A3A682C5A4CD000B77050 /* Scene.swift */ = {isa = PBXFileReference; lastKnownFileType = sourcecode.swift; path = Scene.swift; sourceTree = "<group>"; };
		49ADDE6F2C8B0FE700333CCE /* ARWatchViewController.swift */ = {isa = PBXFileReference; lastKnownFileType = sourcecode.swift; path = ARWatchViewController.swift; sourceTree = "<group>"; };
		49ADDE702C8B0FE700333CCE /* ARWatchViewController.xib */ = {isa = PBXFileReference; lastKnownFileType = file.xib; path = ARWatchViewController.xib; sourceTree = "<group>"; };
		49ADDE742C8B16DE00333CCE /* chasiki.tga.png */ = {isa = PBXFileReference; lastKnownFileType = image.png; path = chasiki.tga.png; sourceTree = "<group>"; };
		49ADDE752C8B16DE00333CCE /* 11.tga.png */ = {isa = PBXFileReference; lastKnownFileType = image.png; path = 11.tga.png; sourceTree = "<group>"; };
		49ADDE762C8B16DE00333CCE /* cifri.tga.png */ = {isa = PBXFileReference; lastKnownFileType = image.png; path = cifri.tga.png; sourceTree = "<group>"; };
		49ADDE772C8B16DE00333CCE /* 15.tga.png */ = {isa = PBXFileReference; lastKnownFileType = image.png; path = 15.tga.png; sourceTree = "<group>"; };
		49ADDE782C8B16DE00333CCE /* 10.tga.png */ = {isa = PBXFileReference; lastKnownFileType = image.png; path = 10.tga.png; sourceTree = "<group>"; };
		49ADDE792C8B16DE00333CCE /* watch-model.dae */ = {isa = PBXFileReference; fileEncoding = 4; lastKnownFileType = text.xml.dae; path = "watch-model.dae"; sourceTree = "<group>"; };
		49ADDE7A2C8B16DF00333CCE /* chasiki2.tga.png */ = {isa = PBXFileReference; lastKnownFileType = image.png; path = chasiki2.tga.png; sourceTree = "<group>"; };
		49ADDE7B2C8B16DF00333CCE /* 12.tga.png */ = {isa = PBXFileReference; lastKnownFileType = image.png; path = 12.tga.png; sourceTree = "<group>"; };
		49ADDE7C2C8B16DF00333CCE /* 14.tga.png */ = {isa = PBXFileReference; lastKnownFileType = image.png; path = 14.tga.png; sourceTree = "<group>"; };
		49ADDE7D2C8B16DF00333CCE /* chasiki4.tga.png */ = {isa = PBXFileReference; lastKnownFileType = image.png; path = chasiki4.tga.png; sourceTree = "<group>"; };
		49ADDE7E2C8B16DF00333CCE /* 6.tga.png */ = {isa = PBXFileReference; lastKnownFileType = image.png; path = 6.tga.png; sourceTree = "<group>"; };
		49ADDE7F2C8B16DF00333CCE /* remeshok.tga.png */ = {isa = PBXFileReference; lastKnownFileType = image.png; path = remeshok.tga.png; sourceTree = "<group>"; };
		49ADDE802C8B16DF00333CCE /* 5.tga.png */ = {isa = PBXFileReference; lastKnownFileType = image.png; path = 5.tga.png; sourceTree = "<group>"; };
		49ADDE812C8B16DF00333CCE /* chasiki3.tga.png */ = {isa = PBXFileReference; lastKnownFileType = image.png; path = chasiki3.tga.png; sourceTree = "<group>"; };
		49ADDE822C8B16DF00333CCE /* 9.tga.png */ = {isa = PBXFileReference; lastKnownFileType = image.png; path = 9.tga.png; sourceTree = "<group>"; };
		49ADDE922C8B1BF800333CCE /* ColorSwatch.swift */ = {isa = PBXFileReference; lastKnownFileType = sourcecode.swift; path = ColorSwatch.swift; sourceTree = "<group>"; };
		49DA15E12C3DB148008DAEB4 /* wallpaper.jpg */ = {isa = PBXFileReference; lastKnownFileType = image.jpeg; path = wallpaper.jpg; sourceTree = "<group>"; };
		49DA15E22C3DB148008DAEB4 /* WallPainting_01.mtl */ = {isa = PBXFileReference; fileEncoding = 4; lastKnownFileType = text; path = WallPainting_01.mtl; sourceTree = "<group>"; };
		49DA15E32C3DB148008DAEB4 /* tiles-wall.jpg */ = {isa = PBXFileReference; lastKnownFileType = image.jpeg; path = "tiles-wall.jpg"; sourceTree = "<group>"; };
		49DA15E62C3DB148008DAEB4 /* WallPainting_01.obj */ = {isa = PBXFileReference; fileEncoding = 4; lastKnownFileType = text; path = WallPainting_01.obj; sourceTree = "<group>"; };
		49DA15E72C3DB148008DAEB4 /* wood-floor.jpg */ = {isa = PBXFileReference; lastKnownFileType = image.jpeg; path = "wood-floor.jpg"; sourceTree = "<group>"; };
		49DA160C2C3DB6AF008DAEB4 /* chair.usdz */ = {isa = PBXFileReference; lastKnownFileType = file.usdz; path = chair.usdz; sourceTree = "<group>"; };
/* End PBXFileReference section */

/* Begin PBXFrameworksBuildPhase section */
		4958E3F22BED072E007F1757 /* Frameworks */ = {
			isa = PBXFrameworksBuildPhase;
			buildActionMask = 2147483647;
			files = (
			);
			runOnlyForDeploymentPostprocessing = 0;
		};
/* End PBXFrameworksBuildPhase section */

/* Begin PBXGroup section */
		491DF7682C5B898F000BB1AA /* googlePixel */ = {
			isa = PBXGroup;
			children = (
				491DF7632C5B898F000BB1AA /* Google-Pixel-XL-Black-Back.png */,
				491DF7642C5B898F000BB1AA /* Phone_01.mtl */,
				491DF7652C5B898F000BB1AA /* Phone_01.scn */,
				491DF7662C5B898F000BB1AA /* pixel-screenshot.png */,
				491DF7672C5B898F000BB1AA /* texture.jpg */,
			);
			path = googlePixel;
			sourceTree = "<group>";
		};
		491DF76E2C5B8A2E000BB1AA /* ImageDetectionWithModel */ = {
			isa = PBXGroup;
			children = (
				491DF76F2C5B8A4A000BB1AA /* ImageDetectionWithModelViewController.swift */,
				491DF7702C5B8A4A000BB1AA /* ImageDetectionWithModelViewController.xib */,
			);
			path = ImageDetectionWithModel;
			sourceTree = "<group>";
		};
		491DF7732C5B91BB000BB1AA /* snake */ = {
			isa = PBXGroup;
			children = (
				491DF7882C5B94B5000BB1AA /* snake.scnassets */,
			);
			path = snake;
			sourceTree = "<group>";
		};
		491DF7832C5B945C000BB1AA /* snakeResources */ = {
			isa = PBXGroup;
			children = (
				491DF7812C5B945C000BB1AA /* snake.mtl */,
				491DF7822C5B945C000BB1AA /* snake.obj */,
			);
			path = snakeResources;
			sourceTree = "<group>";
		};
		4935FBDB2C65FDAD005991BB /* Detect3DObject */ = {
			isa = PBXGroup;
			children = (
				4935FBDC2C65FDD3005991BB /* Detect3DObjectViewController.swift */,
				4935FBDD2C65FDD3005991BB /* Detect3DObjectViewController.xib */,
			);
			path = Detect3DObject;
			sourceTree = "<group>";
		};
		49536BA22BFC80C50083CD04 /* OverlayingPlanes */ = {
			isa = PBXGroup;
			children = (
				49536BA32BFC80FE0083CD04 /* OverlayingPlanesViewController.swift */,
				49536BA42BFC80FE0083CD04 /* OverlayingPlanesViewController.xib */,
			);
			path = OverlayingPlanes;
			sourceTree = "<group>";
		};
		49536BAB2BFC98790083CD04 /* PlacingVirtualObjects */ = {
			isa = PBXGroup;
			children = (
				49536BAC2BFC98CF0083CD04 /* PlacingVirtualObjectsViewController.swift */,
				49536BAD2BFC98CF0083CD04 /* PlacingVirtualObjectsViewController.xib */,
			);
			path = PlacingVirtualObjects;
			sourceTree = "<group>";
		};
		49536BB02BFCA5A90083CD04 /* Models */ = {
			isa = PBXGroup;
			children = (
				49536BB12BFCA6840083CD04 /* BodyType.swift */,
				49536BA72BFC88120083CD04 /* OverlayPlane.swift */,
				499A3A682C5A4CD000B77050 /* Scene.swift */,
			);
			path = Models;
			sourceTree = "<group>";
		};
		49536BB32BFCB9430083CD04 /* LoadingModels */ = {
			isa = PBXGroup;
			children = (
				49536BB42BFCB9BC0083CD04 /* LoadingModelsViewController.swift */,
				49536BB52BFCB9BC0083CD04 /* LoadingModelsViewController.xib */,
			);
			path = LoadingModels;
			sourceTree = "<group>";
		};
		49536BB82BFCBBFF0083CD04 /* bench */ = {
			isa = PBXGroup;
			children = (
				49536BBA2BFCBC1A0083CD04 /* _6.jpg */,
				49536BBC2BFCBC1A0083CD04 /* bench.dae */,
				49536BB92BFCBC1A0083CD04 /* tischholz.jpg */,
				49536BBB2BFCBC1A0083CD04 /* tischholz2.jpg */,
			);
			path = bench;
			sourceTree = "<group>";
		};
		49536BC12BFCE3C50083CD04 /* MissileLaunch */ = {
			isa = PBXGroup;
			children = (
				49536BD52BFCE5290083CD04 /* Missile.swift */,
				49536BC22BFCE3DC0083CD04 /* MissileLaunchViewController.swift */,
				49536BC32BFCE3DC0083CD04 /* MissileLaunchViewController.xib */,
			);
			path = MissileLaunch;
			sourceTree = "<group>";
		};
		49536BC62BFCE4B60083CD04 /* missile */ = {
			isa = PBXGroup;
			children = (
				49536BC82BFCE4C90083CD04 /* fire.scnp */,
				49536BCB2BFCE4C90083CD04 /* missile.scn */,
				49536BC72BFCE4C80083CD04 /* missle-texture.png */,
				49536BC92BFCE4C90083CD04 /* smoke.png */,
				49536BCD2BFCE4C90083CD04 /* smoke.scnp */,
				49536BCA2BFCE4C90083CD04 /* spark.png */,
			);
			path = missile;
			sourceTree = "<group>";
		};
		4958E3EC2BED072E007F1757 = {
			isa = PBXGroup;
			children = (
				4958E3F72BED072E007F1757 /* ARKitThings */,
				4958E3F62BED072E007F1757 /* Products */,
			);
			sourceTree = "<group>";
		};
		4958E3F62BED072E007F1757 /* Products */ = {
			isa = PBXGroup;
			children = (
				4958E3F52BED072E007F1757 /* ARKitThings.app */,
			);
			name = Products;
			sourceTree = "<group>";
		};
		4958E3F72BED072E007F1757 /* ARKitThings */ = {
			isa = PBXGroup;
			children = (
				4958E4192BED0923007F1757 /* Assets */,
				49536BB02BFCA5A90083CD04 /* Models */,
				4958E4132BED0771007F1757 /* Scenes */,
				4958E3F82BED072E007F1757 /* AppDelegate.swift */,
				4958E3FA2BED072E007F1757 /* SceneDelegate.swift */,
				4958E4032BED072F007F1757 /* LaunchScreen.storyboard */,
				4958E4062BED072F007F1757 /* Info.plist */,
			);
			path = ARKitThings;
			sourceTree = "<group>";
		};
		4958E40F2BED0771007F1757 /* HelloWorld */ = {
			isa = PBXGroup;
			children = (
				4958E40D2BED0771007F1757 /* HelloWorldViewController.swift */,
				4958E40E2BED0771007F1757 /* HelloWorldViewController.xib */,
			);
			path = HelloWorld;
			sourceTree = "<group>";
		};
		4958E4122BED0771007F1757 /* Main */ = {
			isa = PBXGroup;
			children = (
				4958E4102BED0771007F1757 /* MainViewController.swift */,
				4958E4112BED0771007F1757 /* MainViewController.xib */,
			);
			path = Main;
			sourceTree = "<group>";
		};
		4958E4132BED0771007F1757 /* Scenes */ = {
			isa = PBXGroup;
			children = (
				4973666B2C4946040061C35E /* ARVideo */,
				49ADDE6E2C8B0FCE00333CCE /* ARWatch */,
				496403D12C2B1C6F00DAA410 /* ColladaScene */,
				496403E82C2C245600DAA410 /* CoreML */,
				4935FBDB2C65FDAD005991BB /* Detect3DObject */,
				4958E40F2BED0771007F1757 /* HelloWorld */,
				497366722C4951BC0061C35E /* ImageDetection */,
				491DF76E2C5B8A2E000BB1AA /* ImageDetectionWithModel */,
				496403D82C2BEF3900DAA410 /* Lights */,
				49536BB32BFCB9430083CD04 /* LoadingModels */,
				4958E4122BED0771007F1757 /* Main */,
				49536BC12BFCE3C50083CD04 /* MissileLaunch */,
				497366772C49672F0061C35E /* ModelGestures */,
				496403F12C2C786600DAA410 /* Occlusion */,
				49536BA22BFC80C50083CD04 /* OverlayingPlanes */,
				49536BAB2BFC98790083CD04 /* PlacingVirtualObjects */,
				4998988B2C3DAD5300D7612E /* Portal */,
				4974035C2C81F4EF0025C5F5 /* RealisticModel */,
				496403DF2C2C031400DAA410 /* RemoteCar */,
			);
			path = Scenes;
			sourceTree = "<group>";
		};
		4958E4192BED0923007F1757 /* Assets */ = {
			isa = PBXGroup;
			children = (
				49ADDE732C8B16C000333CCE /* watch */,
				491DF7832C5B945C000BB1AA /* snakeResources */,
				491DF7732C5B91BB000BB1AA /* snake */,
				491DF7682C5B898F000BB1AA /* googlePixel */,
				49621CEF2C4A9A0F00BE4506 /* chair */,
				497366702C4946840061C35E /* big_buck_bunny.mp4 */,
				49DA15F52C3DB1CB008DAEB4 /* portalItems */,
				499898902C3DAEC000D7612E /* portal.scnassets */,
				496403F62C2D40B200DAA410 /* fish.dae */,
				496403DD2C2C02CC00DAA410 /* car.dae */,
				496403D62C2B1D1C00DAA410 /* farm.dae */,
				49536BC62BFCE4B60083CD04 /* missile */,
				49536BB82BFCBBFF0083CD04 /* bench */,
				49536BA92BFC8A840083CD04 /* overlay_grid.png */,
				4958E40C2BED0771007F1757 /* art.scnassets */,
				4958E4012BED072F007F1757 /* Assets.xcassets */,
			);
			path = Assets;
			sourceTree = "<group>";
		};
		49621CEF2C4A9A0F00BE4506 /* chair */ = {
			isa = PBXGroup;
			children = (
				49621CEC2C4A9A0F00BE4506 /* chair.dae */,
				49621CED2C4A9A0F00BE4506 /* Neil Woo03.jpg */,
				49621CEE2C4A9A0F00BE4506 /* NeilFabricPlain008.jpg */,
			);
			path = chair;
			sourceTree = "<group>";
		};
		496403D12C2B1C6F00DAA410 /* ColladaScene */ = {
			isa = PBXGroup;
			children = (
				496403D22C2B1C9100DAA410 /* ColladaSceneViewController.swift */,
				496403D32C2B1C9100DAA410 /* ColladaSceneViewController.xib */,
			);
			path = ColladaScene;
			sourceTree = "<group>";
		};
		496403D82C2BEF3900DAA410 /* Lights */ = {
			isa = PBXGroup;
			children = (
				496403D92C2BEF7B00DAA410 /* LightsSceneViewController.swift */,
				496403DA2C2BEF7B00DAA410 /* LightsSceneViewController.xib */,
			);
			path = Lights;
			sourceTree = "<group>";
		};
		496403DF2C2C031400DAA410 /* RemoteCar */ = {
			isa = PBXGroup;
			children = (
				496403E62C2C0F2000DAA410 /* Car.swift */,
				496403E42C2C0BAA00DAA410 /* GameButton.swift */,
				496403E02C2C032E00DAA410 /* RemoteCarViewController.swift */,
				496403E12C2C032E00DAA410 /* RemoteCarViewController.xib */,
			);
			path = RemoteCar;
			sourceTree = "<group>";
		};
		496403E82C2C245600DAA410 /* CoreML */ = {
			isa = PBXGroup;
			children = (
				496403EF2C2C28BF00DAA410 /* Resnet50.mlmodel */,
				496403E92C2C247800DAA410 /* CoreMLSceneViewController.swift */,
				496403EA2C2C247800DAA410 /* CoreMLSceneViewController.xib */,
			);
			path = CoreML;
			sourceTree = "<group>";
		};
		496403F12C2C786600DAA410 /* Occlusion */ = {
			isa = PBXGroup;
			children = (
				49345A062C2D56BF00DD3553 /* OcclusionPlane.swift */,
				496403F22C2C788B00DAA410 /* OcclusionSceneViewController.swift */,
				496403F32C2C788B00DAA410 /* OcclusionSceneViewController.xib */,
			);
			path = Occlusion;
			sourceTree = "<group>";
		};
		4973666B2C4946040061C35E /* ARVideo */ = {
			isa = PBXGroup;
			children = (
				4973666C2C49461D0061C35E /* ARVideoViewController.swift */,
				4973666D2C49461D0061C35E /* ARVideoViewController.xib */,
			);
			path = ARVideo;
			sourceTree = "<group>";
		};
		497366722C4951BC0061C35E /* ImageDetection */ = {
			isa = PBXGroup;
			children = (
				497366732C4951D30061C35E /* ImageDetectionViewController.swift */,
				497366742C4951D30061C35E /* ImageDetectionViewController.xib */,
			);
			path = ImageDetection;
			sourceTree = "<group>";
		};
		497366772C49672F0061C35E /* ModelGestures */ = {
			isa = PBXGroup;
			children = (
				49786B022C49677D00DBDEA9 /* ModelGesturesViewController.swift */,
				49786B032C49677D00DBDEA9 /* ModelGesturesViewController.xib */,
			);
			path = ModelGestures;
			sourceTree = "<group>";
		};
		4974035C2C81F4EF0025C5F5 /* RealisticModel */ = {
			isa = PBXGroup;
			children = (
				4974035D2C81F5220025C5F5 /* RealisticModelViewController.swift */,
				4974035E2C81F5220025C5F5 /* RealisticModelViewController.xib */,
			);
			path = RealisticModel;
			sourceTree = "<group>";
		};
		4998988B2C3DAD5300D7612E /* Portal */ = {
			isa = PBXGroup;
			children = (
				497366612C493E450061C35E /* PortalPlane.swift */,
				4998988C2C3DAD7300D7612E /* PortalSceneViewController.swift */,
				4998988D2C3DAD7300D7612E /* PortalSceneViewController.xib */,
			);
			path = Portal;
			sourceTree = "<group>";
		};
		49ADDE6E2C8B0FCE00333CCE /* ARWatch */ = {
			isa = PBXGroup;
			children = (
				49ADDE6F2C8B0FE700333CCE /* ARWatchViewController.swift */,
				49ADDE702C8B0FE700333CCE /* ARWatchViewController.xib */,
				49ADDE922C8B1BF800333CCE /* ColorSwatch.swift */,
			);
			path = ARWatch;
			sourceTree = "<group>";
		};
		49ADDE732C8B16C000333CCE /* watch */ = {
			isa = PBXGroup;
			children = (
				49ADDE802C8B16DF00333CCE /* 5.tga.png */,
				49ADDE7E2C8B16DF00333CCE /* 6.tga.png */,
				49ADDE822C8B16DF00333CCE /* 9.tga.png */,
				49ADDE782C8B16DE00333CCE /* 10.tga.png */,
				49ADDE752C8B16DE00333CCE /* 11.tga.png */,
				49ADDE7B2C8B16DF00333CCE /* 12.tga.png */,
				49ADDE7C2C8B16DF00333CCE /* 14.tga.png */,
				49ADDE772C8B16DE00333CCE /* 15.tga.png */,
				49ADDE742C8B16DE00333CCE /* chasiki.tga.png */,
				49ADDE7A2C8B16DF00333CCE /* chasiki2.tga.png */,
				49ADDE812C8B16DF00333CCE /* chasiki3.tga.png */,
				49ADDE7D2C8B16DF00333CCE /* chasiki4.tga.png */,
				49ADDE762C8B16DE00333CCE /* cifri.tga.png */,
				49ADDE7F2C8B16DF00333CCE /* remeshok.tga.png */,
				49ADDE792C8B16DE00333CCE /* watch-model.dae */,
			);
			path = watch;
			sourceTree = "<group>";
		};
		49DA15F52C3DB1CB008DAEB4 /* portalItems */ = {
			isa = PBXGroup;
			children = (
				49DA160C2C3DB6AF008DAEB4 /* chair.usdz */,
				497366672C4941EC0061C35E /* iron_bed.mtl */,
				497366682C4941EC0061C35E /* iron_bed.obj */,
				49DA15E12C3DB148008DAEB4 /* wallpaper.jpg */,
				49DA15E72C3DB148008DAEB4 /* wood-floor.jpg */,
				49DA15E32C3DB148008DAEB4 /* tiles-wall.jpg */,
				49DA15E22C3DB148008DAEB4 /* WallPainting_01.mtl */,
				49DA15E62C3DB148008DAEB4 /* WallPainting_01.obj */,
			);
			path = portalItems;
			sourceTree = "<group>";
		};
/* End PBXGroup section */

/* Begin PBXNativeTarget section */
		4958E3F42BED072E007F1757 /* ARKitThings */ = {
			isa = PBXNativeTarget;
			buildConfigurationList = 4958E4092BED072F007F1757 /* Build configuration list for PBXNativeTarget "ARKitThings" */;
			buildPhases = (
				4958E3F12BED072E007F1757 /* Sources */,
				4958E3F22BED072E007F1757 /* Frameworks */,
				4958E3F32BED072E007F1757 /* Resources */,
			);
			buildRules = (
			);
			dependencies = (
			);
			name = ARKitThings;
			productName = ARKitThings;
			productReference = 4958E3F52BED072E007F1757 /* ARKitThings.app */;
			productType = "com.apple.product-type.application";
		};
/* End PBXNativeTarget section */

/* Begin PBXProject section */
		4958E3ED2BED072E007F1757 /* Project object */ = {
			isa = PBXProject;
			attributes = {
				BuildIndependentTargetsInParallel = 1;
				LastSwiftUpdateCheck = 1540;
				LastUpgradeCheck = 1540;
				TargetAttributes = {
					4958E3F42BED072E007F1757 = {
						CreatedOnToolsVersion = 15.4;
					};
				};
			};
			buildConfigurationList = 4958E3F02BED072E007F1757 /* Build configuration list for PBXProject "ARKitThings" */;
			compatibilityVersion = "Xcode 14.0";
			developmentRegion = en;
			hasScannedForEncodings = 0;
			knownRegions = (
				en,
				Base,
			);
			mainGroup = 4958E3EC2BED072E007F1757;
			productRefGroup = 4958E3F62BED072E007F1757 /* Products */;
			projectDirPath = "";
			projectRoot = "";
			targets = (
				4958E3F42BED072E007F1757 /* ARKitThings */,
			);
		};
/* End PBXProject section */

/* Begin PBXResourcesBuildPhase section */
		4958E3F32BED072E007F1757 /* Resources */ = {
			isa = PBXResourcesBuildPhase;
			buildActionMask = 2147483647;
			files = (
				49ADDE8D2C8B16DF00333CCE /* 6.tga.png in Resources */,
				496403DB2C2BEF7B00DAA410 /* LightsSceneViewController.xib in Resources */,
				49536BC52BFCE3DC0083CD04 /* MissileLaunchViewController.xib in Resources */,
				497366712C4946840061C35E /* big_buck_bunny.mp4 in Resources */,
				49621CF22C4A9A0F00BE4506 /* NeilFabricPlain008.jpg in Resources */,
				49536BD12BFCE4C90083CD04 /* spark.png in Resources */,
				49536BCF2BFCE4C90083CD04 /* fire.scnp in Resources */,
				49ADDE8B2C8B16DF00333CCE /* 14.tga.png in Resources */,
				4998988F2C3DAD7300D7612E /* PortalSceneViewController.xib in Resources */,
				499898912C3DAEC000D7612E /* portal.scnassets in Resources */,
				49621CF02C4A9A0F00BE4506 /* chair.dae in Resources */,
				4958E4162BED0771007F1757 /* HelloWorldViewController.xib in Resources */,
				49621CF12C4A9A0F00BE4506 /* Neil Woo03.jpg in Resources */,
				4958E4022BED072F007F1757 /* Assets.xcassets in Resources */,
				49ADDE842C8B16DF00333CCE /* 11.tga.png in Resources */,
				4958E4182BED0771007F1757 /* MainViewController.xib in Resources */,
				496403D72C2B1D1C00DAA410 /* farm.dae in Resources */,
				49536BCE2BFCE4C90083CD04 /* missle-texture.png in Resources */,
				49DA160D2C3DB6AF008DAEB4 /* chair.usdz in Resources */,
				491DF7712C5B8A4A000BB1AA /* ImageDetectionWithModelViewController.xib in Resources */,
				4958E4142BED0771007F1757 /* art.scnassets in Resources */,
				497403602C81F5220025C5F5 /* RealisticModelViewController.xib in Resources */,
				491DF7842C5B945C000BB1AA /* snake.mtl in Resources */,
				496403F72C2D40B200DAA410 /* fish.dae in Resources */,
				4935FBDE2C65FDD3005991BB /* Detect3DObjectViewController.xib in Resources */,
				49ADDE8F2C8B16DF00333CCE /* 5.tga.png in Resources */,
				4958E4052BED072F007F1757 /* Base in Resources */,
				49786B052C49677D00DBDEA9 /* ModelGesturesViewController.xib in Resources */,
				496403EB2C2C247800DAA410 /* CoreMLSceneViewController.xib in Resources */,
				49536BD22BFCE4C90083CD04 /* missile.scn in Resources */,
				497366692C4941EC0061C35E /* iron_bed.mtl in Resources */,
				49536BBE2BFCBC1A0083CD04 /* _6.jpg in Resources */,
				496403E22C2C032E00DAA410 /* RemoteCarViewController.xib in Resources */,
				49ADDE872C8B16DF00333CCE /* 10.tga.png in Resources */,
				496403F42C2C788B00DAA410 /* OcclusionSceneViewController.xib in Resources */,
				49536BAA2BFC8A840083CD04 /* overlay_grid.png in Resources */,
				49ADDE722C8B0FE700333CCE /* ARWatchViewController.xib in Resources */,
				49536BAF2BFC98CF0083CD04 /* PlacingVirtualObjectsViewController.xib in Resources */,
				496403D42C2B1C9100DAA410 /* ColladaSceneViewController.xib in Resources */,
				49536BD02BFCE4C90083CD04 /* smoke.png in Resources */,
				4973666A2C4941EC0061C35E /* iron_bed.obj in Resources */,
				49ADDE832C8B16DF00333CCE /* chasiki.tga.png in Resources */,
				49536BB72BFCB9BC0083CD04 /* LoadingModelsViewController.xib in Resources */,
				49DA15EC2C3DB149008DAEB4 /* WallPainting_01.mtl in Resources */,
				49536BBD2BFCBC1A0083CD04 /* tischholz.jpg in Resources */,
				4973666F2C49461D0061C35E /* ARVideoViewController.xib in Resources */,
				49DA15ED2C3DB149008DAEB4 /* tiles-wall.jpg in Resources */,
				49536BA62BFC80FE0083CD04 /* OverlayingPlanesViewController.xib in Resources */,
				49DA15F02C3DB149008DAEB4 /* WallPainting_01.obj in Resources */,
				49536BBF2BFCBC1A0083CD04 /* tischholz2.jpg in Resources */,
				49DA15EB2C3DB149008DAEB4 /* wallpaper.jpg in Resources */,
				49ADDE852C8B16DF00333CCE /* cifri.tga.png in Resources */,
				491DF76B2C5B898F000BB1AA /* Phone_01.scn in Resources */,
				49ADDE8A2C8B16DF00333CCE /* 12.tga.png in Resources */,
				491DF7692C5B898F000BB1AA /* Google-Pixel-XL-Black-Back.png in Resources */,
				49ADDE912C8B16DF00333CCE /* 9.tga.png in Resources */,
				49ADDE882C8B16DF00333CCE /* watch-model.dae in Resources */,
				491DF76A2C5B898F000BB1AA /* Phone_01.mtl in Resources */,
				491DF7852C5B945C000BB1AA /* snake.obj in Resources */,
				49ADDE8C2C8B16DF00333CCE /* chasiki4.tga.png in Resources */,
				491DF7892C5B94B5000BB1AA /* snake.scnassets in Resources */,
				496403DE2C2C02CC00DAA410 /* car.dae in Resources */,
				49DA15F12C3DB149008DAEB4 /* wood-floor.jpg in Resources */,
				49ADDE902C8B16DF00333CCE /* chasiki3.tga.png in Resources */,
				491DF76D2C5B898F000BB1AA /* texture.jpg in Resources */,
				491DF76C2C5B898F000BB1AA /* pixel-screenshot.png in Resources */,
				49ADDE892C8B16DF00333CCE /* chasiki2.tga.png in Resources */,
				49ADDE862C8B16DF00333CCE /* 15.tga.png in Resources */,
				49536BC02BFCBC1A0083CD04 /* bench.dae in Resources */,
				497366762C4951D30061C35E /* ImageDetectionViewController.xib in Resources */,
				49536BD42BFCE4C90083CD04 /* smoke.scnp in Resources */,
				49ADDE8E2C8B16DF00333CCE /* remeshok.tga.png in Resources */,
			);
			runOnlyForDeploymentPostprocessing = 0;
		};
/* End PBXResourcesBuildPhase section */

/* Begin PBXSourcesBuildPhase section */
		4958E3F12BED072E007F1757 /* Sources */ = {
			isa = PBXSourcesBuildPhase;
			buildActionMask = 2147483647;
			files = (
				497366622C493E450061C35E /* PortalPlane.swift in Sources */,
				49ADDE712C8B0FE700333CCE /* ARWatchViewController.swift in Sources */,
				49536BA52BFC80FE0083CD04 /* OverlayingPlanesViewController.swift in Sources */,
				49536BB22BFCA6840083CD04 /* BodyType.swift in Sources */,
				49536BA82BFC88120083CD04 /* OverlayPlane.swift in Sources */,
				499A3A692C5A4CD000B77050 /* Scene.swift in Sources */,
				4958E3F92BED072E007F1757 /* AppDelegate.swift in Sources */,
				496403E52C2C0BAA00DAA410 /* GameButton.swift in Sources */,
				497366752C4951D30061C35E /* ImageDetectionViewController.swift in Sources */,
				49536BD62BFCE5290083CD04 /* Missile.swift in Sources */,
				49536BB62BFCB9BC0083CD04 /* LoadingModelsViewController.swift in Sources */,
				491DF7722C5B8A4A000BB1AA /* ImageDetectionWithModelViewController.swift in Sources */,
				4974035F2C81F5220025C5F5 /* RealisticModelViewController.swift in Sources */,
				49536BAE2BFC98CF0083CD04 /* PlacingVirtualObjectsViewController.swift in Sources */,
				496403E32C2C032E00DAA410 /* RemoteCarViewController.swift in Sources */,
				4998988E2C3DAD7300D7612E /* PortalSceneViewController.swift in Sources */,
				49536BC42BFCE3DC0083CD04 /* MissileLaunchViewController.swift in Sources */,
				4935FBDF2C65FDD3005991BB /* Detect3DObjectViewController.swift in Sources */,
				49345A072C2D56BF00DD3553 /* OcclusionPlane.swift in Sources */,
				49ADDE932C8B1BF800333CCE /* ColorSwatch.swift in Sources */,
				496403F02C2C28BF00DAA410 /* Resnet50.mlmodel in Sources */,
				496403EC2C2C247800DAA410 /* CoreMLSceneViewController.swift in Sources */,
				496403F52C2C788B00DAA410 /* OcclusionSceneViewController.swift in Sources */,
				496403E72C2C0F2000DAA410 /* Car.swift in Sources */,
				496403D52C2B1C9100DAA410 /* ColladaSceneViewController.swift in Sources */,
				4958E3FB2BED072E007F1757 /* SceneDelegate.swift in Sources */,
				49786B042C49677D00DBDEA9 /* ModelGesturesViewController.swift in Sources */,
				4958E4152BED0771007F1757 /* HelloWorldViewController.swift in Sources */,
				496403DC2C2BEF7B00DAA410 /* LightsSceneViewController.swift in Sources */,
				4973666E2C49461D0061C35E /* ARVideoViewController.swift in Sources */,
				4958E4172BED0771007F1757 /* MainViewController.swift in Sources */,
			);
			runOnlyForDeploymentPostprocessing = 0;
		};
/* End PBXSourcesBuildPhase section */

/* Begin PBXVariantGroup section */
		4958E4032BED072F007F1757 /* LaunchScreen.storyboard */ = {
			isa = PBXVariantGroup;
			children = (
				4958E4042BED072F007F1757 /* Base */,
			);
			name = LaunchScreen.storyboard;
			sourceTree = "<group>";
		};
/* End PBXVariantGroup section */

/* Begin XCBuildConfiguration section */
		4958E4072BED072F007F1757 /* Debug */ = {
			isa = XCBuildConfiguration;
			buildSettings = {
				ALWAYS_SEARCH_USER_PATHS = NO;
				ASSETCATALOG_COMPILER_GENERATE_SWIFT_ASSET_SYMBOL_EXTENSIONS = YES;
				CLANG_ANALYZER_NONNULL = YES;
				CLANG_ANALYZER_NUMBER_OBJECT_CONVERSION = YES_AGGRESSIVE;
				CLANG_CXX_LANGUAGE_STANDARD = "gnu++20";
				CLANG_ENABLE_MODULES = YES;
				CLANG_ENABLE_OBJC_ARC = YES;
				CLANG_ENABLE_OBJC_WEAK = YES;
				CLANG_WARN_BLOCK_CAPTURE_AUTORELEASING = YES;
				CLANG_WARN_BOOL_CONVERSION = YES;
				CLANG_WARN_COMMA = YES;
				CLANG_WARN_CONSTANT_CONVERSION = YES;
				CLANG_WARN_DEPRECATED_OBJC_IMPLEMENTATIONS = YES;
				CLANG_WARN_DIRECT_OBJC_ISA_USAGE = YES_ERROR;
				CLANG_WARN_DOCUMENTATION_COMMENTS = YES;
				CLANG_WARN_EMPTY_BODY = YES;
				CLANG_WARN_ENUM_CONVERSION = YES;
				CLANG_WARN_INFINITE_RECURSION = YES;
				CLANG_WARN_INT_CONVERSION = YES;
				CLANG_WARN_NON_LITERAL_NULL_CONVERSION = YES;
				CLANG_WARN_OBJC_IMPLICIT_RETAIN_SELF = YES;
				CLANG_WARN_OBJC_LITERAL_CONVERSION = YES;
				CLANG_WARN_OBJC_ROOT_CLASS = YES_ERROR;
				CLANG_WARN_QUOTED_INCLUDE_IN_FRAMEWORK_HEADER = YES;
				CLANG_WARN_RANGE_LOOP_ANALYSIS = YES;
				CLANG_WARN_STRICT_PROTOTYPES = YES;
				CLANG_WARN_SUSPICIOUS_MOVE = YES;
				CLANG_WARN_UNGUARDED_AVAILABILITY = YES_AGGRESSIVE;
				CLANG_WARN_UNREACHABLE_CODE = YES;
				CLANG_WARN__DUPLICATE_METHOD_MATCH = YES;
				COPY_PHASE_STRIP = NO;
				DEBUG_INFORMATION_FORMAT = dwarf;
				ENABLE_STRICT_OBJC_MSGSEND = YES;
				ENABLE_TESTABILITY = YES;
				ENABLE_USER_SCRIPT_SANDBOXING = YES;
				GCC_C_LANGUAGE_STANDARD = gnu17;
				GCC_DYNAMIC_NO_PIC = NO;
				GCC_NO_COMMON_BLOCKS = YES;
				GCC_OPTIMIZATION_LEVEL = 0;
				GCC_PREPROCESSOR_DEFINITIONS = (
					"DEBUG=1",
					"$(inherited)",
				);
				GCC_WARN_64_TO_32_BIT_CONVERSION = YES;
				GCC_WARN_ABOUT_RETURN_TYPE = YES_ERROR;
				GCC_WARN_UNDECLARED_SELECTOR = YES;
				GCC_WARN_UNINITIALIZED_AUTOS = YES_AGGRESSIVE;
				GCC_WARN_UNUSED_FUNCTION = YES;
				GCC_WARN_UNUSED_VARIABLE = YES;
				IPHONEOS_DEPLOYMENT_TARGET = 17.5;
				LOCALIZATION_PREFERS_STRING_CATALOGS = YES;
				MTL_ENABLE_DEBUG_INFO = INCLUDE_SOURCE;
				MTL_FAST_MATH = YES;
				ONLY_ACTIVE_ARCH = YES;
				SDKROOT = iphoneos;
				SWIFT_ACTIVE_COMPILATION_CONDITIONS = "DEBUG $(inherited)";
				SWIFT_OPTIMIZATION_LEVEL = "-Onone";
			};
			name = Debug;
		};
		4958E4082BED072F007F1757 /* Release */ = {
			isa = XCBuildConfiguration;
			buildSettings = {
				ALWAYS_SEARCH_USER_PATHS = NO;
				ASSETCATALOG_COMPILER_GENERATE_SWIFT_ASSET_SYMBOL_EXTENSIONS = YES;
				CLANG_ANALYZER_NONNULL = YES;
				CLANG_ANALYZER_NUMBER_OBJECT_CONVERSION = YES_AGGRESSIVE;
				CLANG_CXX_LANGUAGE_STANDARD = "gnu++20";
				CLANG_ENABLE_MODULES = YES;
				CLANG_ENABLE_OBJC_ARC = YES;
				CLANG_ENABLE_OBJC_WEAK = YES;
				CLANG_WARN_BLOCK_CAPTURE_AUTORELEASING = YES;
				CLANG_WARN_BOOL_CONVERSION = YES;
				CLANG_WARN_COMMA = YES;
				CLANG_WARN_CONSTANT_CONVERSION = YES;
				CLANG_WARN_DEPRECATED_OBJC_IMPLEMENTATIONS = YES;
				CLANG_WARN_DIRECT_OBJC_ISA_USAGE = YES_ERROR;
				CLANG_WARN_DOCUMENTATION_COMMENTS = YES;
				CLANG_WARN_EMPTY_BODY = YES;
				CLANG_WARN_ENUM_CONVERSION = YES;
				CLANG_WARN_INFINITE_RECURSION = YES;
				CLANG_WARN_INT_CONVERSION = YES;
				CLANG_WARN_NON_LITERAL_NULL_CONVERSION = YES;
				CLANG_WARN_OBJC_IMPLICIT_RETAIN_SELF = YES;
				CLANG_WARN_OBJC_LITERAL_CONVERSION = YES;
				CLANG_WARN_OBJC_ROOT_CLASS = YES_ERROR;
				CLANG_WARN_QUOTED_INCLUDE_IN_FRAMEWORK_HEADER = YES;
				CLANG_WARN_RANGE_LOOP_ANALYSIS = YES;
				CLANG_WARN_STRICT_PROTOTYPES = YES;
				CLANG_WARN_SUSPICIOUS_MOVE = YES;
				CLANG_WARN_UNGUARDED_AVAILABILITY = YES_AGGRESSIVE;
				CLANG_WARN_UNREACHABLE_CODE = YES;
				CLANG_WARN__DUPLICATE_METHOD_MATCH = YES;
				COPY_PHASE_STRIP = NO;
				DEBUG_INFORMATION_FORMAT = "dwarf-with-dsym";
				ENABLE_NS_ASSERTIONS = NO;
				ENABLE_STRICT_OBJC_MSGSEND = YES;
				ENABLE_USER_SCRIPT_SANDBOXING = YES;
				GCC_C_LANGUAGE_STANDARD = gnu17;
				GCC_NO_COMMON_BLOCKS = YES;
				GCC_WARN_64_TO_32_BIT_CONVERSION = YES;
				GCC_WARN_ABOUT_RETURN_TYPE = YES_ERROR;
				GCC_WARN_UNDECLARED_SELECTOR = YES;
				GCC_WARN_UNINITIALIZED_AUTOS = YES_AGGRESSIVE;
				GCC_WARN_UNUSED_FUNCTION = YES;
				GCC_WARN_UNUSED_VARIABLE = YES;
				IPHONEOS_DEPLOYMENT_TARGET = 17.5;
				LOCALIZATION_PREFERS_STRING_CATALOGS = YES;
				MTL_ENABLE_DEBUG_INFO = NO;
				MTL_FAST_MATH = YES;
				SDKROOT = iphoneos;
				SWIFT_COMPILATION_MODE = wholemodule;
				VALIDATE_PRODUCT = YES;
			};
			name = Release;
		};
		4958E40A2BED072F007F1757 /* Debug */ = {
			isa = XCBuildConfiguration;
			buildSettings = {
				ASSETCATALOG_COMPILER_APPICON_NAME = AppIcon;
				ASSETCATALOG_COMPILER_GLOBAL_ACCENT_COLOR_NAME = AccentColor;
				CODE_SIGN_STYLE = Automatic;
				CURRENT_PROJECT_VERSION = 1;
				DEVELOPMENT_TEAM = F8FX9592B7;
				GENERATE_INFOPLIST_FILE = YES;
				INFOPLIST_FILE = ARKitThings/Info.plist;
				INFOPLIST_KEY_UIApplicationSupportsIndirectInputEvents = YES;
				INFOPLIST_KEY_UILaunchStoryboardName = LaunchScreen;
				INFOPLIST_KEY_UISupportedInterfaceOrientations_iPad = "UIInterfaceOrientationPortrait UIInterfaceOrientationPortraitUpsideDown UIInterfaceOrientationLandscapeLeft UIInterfaceOrientationLandscapeRight";
				INFOPLIST_KEY_UISupportedInterfaceOrientations_iPhone = "UIInterfaceOrientationPortrait UIInterfaceOrientationLandscapeLeft UIInterfaceOrientationLandscapeRight";
				IPHONEOS_DEPLOYMENT_TARGET = 17.4;
				LD_RUNPATH_SEARCH_PATHS = (
					"$(inherited)",
					"@executable_path/Frameworks",
				);
				MARKETING_VERSION = 1.0;
				PRODUCT_BUNDLE_IDENTIFIER = com.jlaguna.dev.ARKitThings;
				PRODUCT_NAME = "$(TARGET_NAME)";
				SWIFT_EMIT_LOC_STRINGS = YES;
				SWIFT_VERSION = 5.0;
				TARGETED_DEVICE_FAMILY = "1,2";
			};
			name = Debug;
		};
		4958E40B2BED072F007F1757 /* Release */ = {
			isa = XCBuildConfiguration;
			buildSettings = {
				ASSETCATALOG_COMPILER_APPICON_NAME = AppIcon;
				ASSETCATALOG_COMPILER_GLOBAL_ACCENT_COLOR_NAME = AccentColor;
				CODE_SIGN_STYLE = Automatic;
				CURRENT_PROJECT_VERSION = 1;
				DEVELOPMENT_TEAM = F8FX9592B7;
				GENERATE_INFOPLIST_FILE = YES;
				INFOPLIST_FILE = ARKitThings/Info.plist;
				INFOPLIST_KEY_UIApplicationSupportsIndirectInputEvents = YES;
				INFOPLIST_KEY_UILaunchStoryboardName = LaunchScreen;
				INFOPLIST_KEY_UISupportedInterfaceOrientations_iPad = "UIInterfaceOrientationPortrait UIInterfaceOrientationPortraitUpsideDown UIInterfaceOrientationLandscapeLeft UIInterfaceOrientationLandscapeRight";
				INFOPLIST_KEY_UISupportedInterfaceOrientations_iPhone = "UIInterfaceOrientationPortrait UIInterfaceOrientationLandscapeLeft UIInterfaceOrientationLandscapeRight";
				IPHONEOS_DEPLOYMENT_TARGET = 17.4;
				LD_RUNPATH_SEARCH_PATHS = (
					"$(inherited)",
					"@executable_path/Frameworks",
				);
				MARKETING_VERSION = 1.0;
				PRODUCT_BUNDLE_IDENTIFIER = com.jlaguna.dev.ARKitThings;
				PRODUCT_NAME = "$(TARGET_NAME)";
				SWIFT_EMIT_LOC_STRINGS = YES;
				SWIFT_VERSION = 5.0;
				TARGETED_DEVICE_FAMILY = "1,2";
			};
			name = Release;
		};
/* End XCBuildConfiguration section */

/* Begin XCConfigurationList section */
		4958E3F02BED072E007F1757 /* Build configuration list for PBXProject "ARKitThings" */ = {
			isa = XCConfigurationList;
			buildConfigurations = (
				4958E4072BED072F007F1757 /* Debug */,
				4958E4082BED072F007F1757 /* Release */,
			);
			defaultConfigurationIsVisible = 0;
			defaultConfigurationName = Release;
		};
		4958E4092BED072F007F1757 /* Build configuration list for PBXNativeTarget "ARKitThings" */ = {
			isa = XCConfigurationList;
			buildConfigurations = (
				4958E40A2BED072F007F1757 /* Debug */,
				4958E40B2BED072F007F1757 /* Release */,
			);
			defaultConfigurationIsVisible = 0;
			defaultConfigurationName = Release;
		};
/* End XCConfigurationList section */
	};
	rootObject = 4958E3ED2BED072E007F1757 /* Project object */;
}
